
Microsoft Visual Studio Solution File, Format Version 12.00
# Visual Studio 15
VisualStudioVersion = 15.0.34031.82
MinimumVisualStudioVersion = 10.0.40219.1
Project("{8BC9CEB8-8B4A-11D0-8D11-00A0C91BC942}") = "Hw2", "Hw2\Hw2.vcxproj", "{B48640F3-1F78-4DEB-953C-92FC2EB0280D}"
EndProject
Global
	GlobalSection(SolutionConfigurationPlatforms) = preSolution
		Debug|x64 = Debug|x64
		Debug|x86 = Debug|x86
		Release|x64 = Release|x64
		Release|x86 = Release|x86
	EndGlobalSection
	GlobalSection(ProjectConfigurationPlatforms) = postSolution
		{B48640F3-1F78-4DEB-953C-92FC2EB0280D}.Debug|x64.ActiveCfg = Debug|x64
		{B48640F3-1F78-4DEB-953C-92FC2EB0280D}.Debug|x64.Build.0 = Debug|x64
		{B48640F3-1F78-4DEB-953C-92FC2EB0280D}.Debug|x86.ActiveCfg = Debug|Win32
		{B48640F3-1F78-4DEB-953C-92FC2EB0280D}.Debug|x86.Build.0 = Debug|Win32
		{B48640F3-1F78-4DEB-953C-92FC2EB0280D}.Release|x64.ActiveCfg = Release|x64
		{B48640F3-1F78-4DEB-953C-92FC2EB0280D}.Release|x64.Build.0 = Release|x64
		{B48640F3-1F78-4DEB-953C-92FC2EB0280D}.Release|x86.ActiveCfg = Release|Win32
		{B48640F3-1F78-4DEB-953C-92FC2EB0280D}.Release|x86.Build.0 = Release|Win32
	EndGlobalSection
	GlobalSection(SolutionProperties) = preSolution
		HideSolutionNode = FALSE
	EndGlobalSection
	GlobalSection(ExtensibilityGlobals) = postSolution
		SolutionGuid = {B3655F2D-C5CC-478A-AA96-9E61202A71F7}
	EndGlobalSection
EndGlobal
